
Microsoft Visual Studio Solution File, Format Version 12.00
Project("{FAE04EC0-301F-11D3-BF4B-00C04F79EFBC}") = "Database.Core", "Database.Core\Database.Core.csproj", "{509C760E-2A19-4758-9C88-6DBA0632FFDF}"
EndProject
Project("{FAE04EC0-301F-11D3-BF4B-00C04F79EFBC}") = "DbMigrator.WebApi", "DbMigrator.WebApi\DbMigrator.WebApi.csproj", "{14FEF27F-E634-4C61-B7E0-ACE0C52183FB}"
EndProject
Project("{FAE04EC0-301F-11D3-BF4B-00C04F79EFBC}") = "Currency.BackgroundWorker", "Currency.BackgroundWorker\Currency.BackgroundWorker.csproj", "{C94289F1-4982-4C65-BDF6-BCB3613566C7}"
EndProject
Project("{FAE04EC0-301F-11D3-BF4B-00C04F79EFBC}") = "UserService.WebApi", "UserService.WebApi\UserService.WebApi.csproj", "{593C9596-5774-42F6-876B-9B6B160D4B86}"
EndProject
Project("{2150E333-8FDC-42A3-9474-1A3956D46DE8}") = "Infrastructure", "Infrastructure", "{4F510D4C-8CB2-4BDB-A597-8C20E134B37C}"
EndProject
Project("{2150E333-8FDC-42A3-9474-1A3956D46DE8}") = "Api", "Api", "{FD2330C3-9BE6-4303-94A1-6FFB9C1CD39A}"
EndProject
Project("{2150E333-8FDC-42A3-9474-1A3956D46DE8}") = "Tests", "Tests", "{F6AF1793-61A0-4352-9B07-A483F4747F68}"
EndProject
Project("{FAE04EC0-301F-11D3-BF4B-00C04F79EFBC}") = "CurrencyService.WebApi", "CurrencyService.WebApi\CurrencyService.WebApi.csproj", "{74B7363F-DA7F-4991-B1A3-F9079F235C90}"
EndProject
Project("{FAE04EC0-301F-11D3-BF4B-00C04F79EFBC}") = "Api.Common", "Api.Common\Api.Common.csproj", "{80AEB9B5-6C79-41EE-87F8-6FE87FD027E3}"
EndProject
Project("{FAE04EC0-301F-11D3-BF4B-00C04F79EFBC}") = "ApiGateway", "ApiGateway\ApiGateway.csproj", "{7C94EAFB-9E88-4709-806A-0D26DD85777A}"
EndProject
Project("{FAE04EC0-301F-11D3-BF4B-00C04F79EFBC}") = "CurrencyService.Tests", "Tests\CurrencyService.Tests\CurrencyService.Tests.csproj", "{92F5C8CD-452F-4C8E-AD63-5A0D937B7ED3}"
EndProject
Project("{FAE04EC0-301F-11D3-BF4B-00C04F79EFBC}") = "UserService.Tests", "Tests\UserService.Tests\UserService.Tests.csproj", "{9A0CED8B-3AD2-4429-957F-07FBB4145501}"
EndProject
Global
	GlobalSection(SolutionConfigurationPlatforms) = preSolution
		Debug|Any CPU = Debug|Any CPU
		Release|Any CPU = Release|Any CPU
	EndGlobalSection
	GlobalSection(ProjectConfigurationPlatforms) = postSolution
		{509C760E-2A19-4758-9C88-6DBA0632FFDF}.Debug|Any CPU.ActiveCfg = Debug|Any CPU
		{509C760E-2A19-4758-9C88-6DBA0632FFDF}.Debug|Any CPU.Build.0 = Debug|Any CPU
		{509C760E-2A19-4758-9C88-6DBA0632FFDF}.Release|Any CPU.ActiveCfg = Release|Any CPU
		{509C760E-2A19-4758-9C88-6DBA0632FFDF}.Release|Any CPU.Build.0 = Release|Any CPU
		{14FEF27F-E634-4C61-B7E0-ACE0C52183FB}.Debug|Any CPU.ActiveCfg = Debug|Any CPU
		{14FEF27F-E634-4C61-B7E0-ACE0C52183FB}.Debug|Any CPU.Build.0 = Debug|Any CPU
		{14FEF27F-E634-4C61-B7E0-ACE0C52183FB}.Release|Any CPU.ActiveCfg = Release|Any CPU
		{14FEF27F-E634-4C61-B7E0-ACE0C52183FB}.Release|Any CPU.Build.0 = Release|Any CPU
		{C94289F1-4982-4C65-BDF6-BCB3613566C7}.Debug|Any CPU.ActiveCfg = Debug|Any CPU
		{C94289F1-4982-4C65-BDF6-BCB3613566C7}.Debug|Any CPU.Build.0 = Debug|Any CPU
		{C94289F1-4982-4C65-BDF6-BCB3613566C7}.Release|Any CPU.ActiveCfg = Release|Any CPU
		{C94289F1-4982-4C65-BDF6-BCB3613566C7}.Release|Any CPU.Build.0 = Release|Any CPU
		{593C9596-5774-42F6-876B-9B6B160D4B86}.Debug|Any CPU.ActiveCfg = Debug|Any CPU
		{593C9596-5774-42F6-876B-9B6B160D4B86}.Debug|Any CPU.Build.0 = Debug|Any CPU
		{593C9596-5774-42F6-876B-9B6B160D4B86}.Release|Any CPU.ActiveCfg = Release|Any CPU
		{593C9596-5774-42F6-876B-9B6B160D4B86}.Release|Any CPU.Build.0 = Release|Any CPU
		{74B7363F-DA7F-4991-B1A3-F9079F235C90}.Debug|Any CPU.ActiveCfg = Debug|Any CPU
		{74B7363F-DA7F-4991-B1A3-F9079F235C90}.Debug|Any CPU.Build.0 = Debug|Any CPU
		{74B7363F-DA7F-4991-B1A3-F9079F235C90}.Release|Any CPU.ActiveCfg = Release|Any CPU
		{74B7363F-DA7F-4991-B1A3-F9079F235C90}.Release|Any CPU.Build.0 = Release|Any CPU
		{80AEB9B5-6C79-41EE-87F8-6FE87FD027E3}.Debug|Any CPU.ActiveCfg = Debug|Any CPU
		{80AEB9B5-6C79-41EE-87F8-6FE87FD027E3}.Debug|Any CPU.Build.0 = Debug|Any CPU
		{80AEB9B5-6C79-41EE-87F8-6FE87FD027E3}.Release|Any CPU.ActiveCfg = Release|Any CPU
		{80AEB9B5-6C79-41EE-87F8-6FE87FD027E3}.Release|Any CPU.Build.0 = Release|Any CPU
		{7C94EAFB-9E88-4709-806A-0D26DD85777A}.Debug|Any CPU.ActiveCfg = Debug|Any CPU
		{7C94EAFB-9E88-4709-806A-0D26DD85777A}.Debug|Any CPU.Build.0 = Debug|Any CPU
		{7C94EAFB-9E88-4709-806A-0D26DD85777A}.Release|Any CPU.ActiveCfg = Release|Any CPU
		{7C94EAFB-9E88-4709-806A-0D26DD85777A}.Release|Any CPU.Build.0 = Release|Any CPU
		{92F5C8CD-452F-4C8E-AD63-5A0D937B7ED3}.Debug|Any CPU.ActiveCfg = Debug|Any CPU
		{92F5C8CD-452F-4C8E-AD63-5A0D937B7ED3}.Debug|Any CPU.Build.0 = Debug|Any CPU
		{92F5C8CD-452F-4C8E-AD63-5A0D937B7ED3}.Release|Any CPU.ActiveCfg = Release|Any CPU
		{92F5C8CD-452F-4C8E-AD63-5A0D937B7ED3}.Release|Any CPU.Build.0 = Release|Any CPU
		{9A0CED8B-3AD2-4429-957F-07FBB4145501}.Debug|Any CPU.ActiveCfg = Debug|Any CPU
		{9A0CED8B-3AD2-4429-957F-07FBB4145501}.Debug|Any CPU.Build.0 = Debug|Any CPU
		{9A0CED8B-3AD2-4429-957F-07FBB4145501}.Release|Any CPU.ActiveCfg = Release|Any CPU
		{9A0CED8B-3AD2-4429-957F-07FBB4145501}.Release|Any CPU.Build.0 = Release|Any CPU
	EndGlobalSection
	GlobalSection(SolutionProperties) = preSolution
		HideSolutionNode = FALSE
	EndGlobalSection
	GlobalSection(NestedProjects) = preSolution
		{509C760E-2A19-4758-9C88-6DBA0632FFDF} = {4F510D4C-8CB2-4BDB-A597-8C20E134B37C}
		{14FEF27F-E634-4C61-B7E0-ACE0C52183FB} = {FD2330C3-9BE6-4303-94A1-6FFB9C1CD39A}
		{593C9596-5774-42F6-876B-9B6B160D4B86} = {FD2330C3-9BE6-4303-94A1-6FFB9C1CD39A}
		{74B7363F-DA7F-4991-B1A3-F9079F235C90} = {FD2330C3-9BE6-4303-94A1-6FFB9C1CD39A}
		{80AEB9B5-6C79-41EE-87F8-6FE87FD027E3} = {FD2330C3-9BE6-4303-94A1-6FFB9C1CD39A}
		{7C94EAFB-9E88-4709-806A-0D26DD85777A} = {FD2330C3-9BE6-4303-94A1-6FFB9C1CD39A}
		{C94289F1-4982-4C65-BDF6-BCB3613566C7} = {4F510D4C-8CB2-4BDB-A597-8C20E134B37C}
		{92F5C8CD-452F-4C8E-AD63-5A0D937B7ED3} = {F6AF1793-61A0-4352-9B07-A483F4747F68}
		{9A0CED8B-3AD2-4429-957F-07FBB4145501} = {F6AF1793-61A0-4352-9B07-A483F4747F68}
	EndGlobalSection
EndGlobal
