
Microsoft Visual Studio Solution File, Format Version 12.00
Project("{FAE04EC0-301F-11D3-BF4B-00C04F79EFBC}") = "UserService.Infrastructure", "UserService.Infrastructure\UserService.Infrastructure.csproj", "{509C760E-2A19-4758-9C88-6DBA0632FFDF}"
EndProject
Project("{FAE04EC0-301F-11D3-BF4B-00C04F79EFBC}") = "DbMigrator.WebApi", "DbMigrator.WebApi\DbMigrator.WebApi.csproj", "{14FEF27F-E634-4C61-B7E0-ACE0C52183FB}"
EndProject
Project("{FAE04EC0-301F-11D3-BF4B-00C04F79EFBC}") = "FinanceService.BackgroundWorker", "FinanceService.BackgroundWorker\FinanceService.BackgroundWorker.csproj", "{C94289F1-4982-4C65-BDF6-BCB3613566C7}"
EndProject
Project("{FAE04EC0-301F-11D3-BF4B-00C04F79EFBC}") = "UserService.WebApi", "UserService.WebApi\UserService.WebApi.csproj", "{593C9596-5774-42F6-876B-9B6B160D4B86}"
EndProject
Project("{2150E333-8FDC-42A3-9474-1A3956D46DE8}") = "Shared", "Shared", "{FD2330C3-9BE6-4303-94A1-6FFB9C1CD39A}"
EndProject
Project("{2150E333-8FDC-42A3-9474-1A3956D46DE8}") = "Tests", "Tests", "{F6AF1793-61A0-4352-9B07-A483F4747F68}"
EndProject
Project("{FAE04EC0-301F-11D3-BF4B-00C04F79EFBC}") = "FinanceService.WebApi", "FinanceService.WebApi\FinanceService.WebApi.csproj", "{74B7363F-DA7F-4991-B1A3-F9079F235C90}"
EndProject
Project("{FAE04EC0-301F-11D3-BF4B-00C04F79EFBC}") = "Shared.Infrastructure", "Shared.Infrastructure\Shared.Infrastructure.csproj", "{80AEB9B5-6C79-41EE-87F8-6FE87FD027E3}"
EndProject
Project("{FAE04EC0-301F-11D3-BF4B-00C04F79EFBC}") = "ApiGateway", "ApiGateway\ApiGateway.csproj", "{7C94EAFB-9E88-4709-806A-0D26DD85777A}"
EndProject
Project("{FAE04EC0-301F-11D3-BF4B-00C04F79EFBC}") = "FinanceService.Tests", "FinanceService.Tests\FinanceService.Tests.csproj", "{92F5C8CD-452F-4C8E-AD63-5A0D937B7ED3}"
EndProject
Project("{FAE04EC0-301F-11D3-BF4B-00C04F79EFBC}") = "UserService.Tests", "UserService.Tests\UserService.Tests.csproj", "{9A0CED8B-3AD2-4429-957F-07FBB4145501}"
EndProject
Project("{FAE04EC0-301F-11D3-BF4B-00C04F79EFBC}") = "FinanceService.Infrastructure", "FinanceService.Infrastructure\FinanceService.Infrastructure.csproj", "{4EBEC670-E3C8-4413-9408-B552D3C7F327}"
EndProject
Project("{2150E333-8FDC-42A3-9474-1A3956D46DE8}") = "FinanceService", "FinanceService", "{306A6731-086F-4F2B-82CE-B8AA74BCB364}"
EndProject
Project("{2150E333-8FDC-42A3-9474-1A3956D46DE8}") = "UserService", "UserService", "{1F5C4298-2009-44F9-84D3-43152AEC8BF9}"
EndProject
Project("{2150E333-8FDC-42A3-9474-1A3956D46DE8}") = "MicroServices", "MicroServices", "{EE0F7352-213E-4863-B85F-7E09404CD1AF}"
EndProject
Project("{FAE04EC0-301F-11D3-BF4B-00C04F79EFBC}") = "FinanceService.Domain", "FinanceService.Domain\FinanceService.Domain.csproj", "{165DC6D1-44B1-4C21-BB14-9526BDE981BA}"
EndProject
Project("{FAE04EC0-301F-11D3-BF4B-00C04F79EFBC}") = "FinanceService.Application", "FinanceService.Application\FinanceService.Application.csproj", "{056283B1-867D-4F98-88E4-3EAF6422A3ED}"
EndProject
Project("{FAE04EC0-301F-11D3-BF4B-00C04F79EFBC}") = "Shared.Domain", "Shared.Domain\Shared.Domain.csproj", "{789D83B3-D943-4F22-AC70-53F6B162661C}"
EndProject
Project("{FAE04EC0-301F-11D3-BF4B-00C04F79EFBC}") = "Shared.Application", "Shared.Application\Shared.Application.csproj", "{1F428087-977B-4AE5-BF20-64A26C70CAFF}"
EndProject
Project("{FAE04EC0-301F-11D3-BF4B-00C04F79EFBC}") = "Shared.Presentation", "Shared.Presentation\Shared.Presentation.csproj", "{41EFEA70-67CC-4C1C-AC10-32347EC08FD3}"
EndProject
Project("{FAE04EC0-301F-11D3-BF4B-00C04F79EFBC}") = "UserService.Domain", "UserService.Domain\UserService.Domain.csproj", "{FC7086CE-34DB-4303-8342-971BC97030A8}"
EndProject
Project("{FAE04EC0-301F-11D3-BF4B-00C04F79EFBC}") = "UserService.Application", "UserService.Application\UserService.Application.csproj", "{14609CB0-0B41-4A3B-AF37-9E89FBC4D540}"
EndProject
Project("{2150E333-8FDC-42A3-9474-1A3956D46DE8}") = "Docker", "Docker", "{8C4CB4B5-0888-41A9-9032-03CB01732BDF}"
	ProjectSection(SolutionItems) = preProject
		.env = .env
		docker-compose.yml = docker-compose.yml
	EndProjectSection
EndProject
Global
	GlobalSection(SolutionConfigurationPlatforms) = preSolution
		Debug|Any CPU = Debug|Any CPU
		Release|Any CPU = Release|Any CPU
	EndGlobalSection
	GlobalSection(ProjectConfigurationPlatforms) = postSolution
		{509C760E-2A19-4758-9C88-6DBA0632FFDF}.Debug|Any CPU.ActiveCfg = Debug|Any CPU
		{509C760E-2A19-4758-9C88-6DBA0632FFDF}.Debug|Any CPU.Build.0 = Debug|Any CPU
		{509C760E-2A19-4758-9C88-6DBA0632FFDF}.Release|Any CPU.ActiveCfg = Release|Any CPU
		{509C760E-2A19-4758-9C88-6DBA0632FFDF}.Release|Any CPU.Build.0 = Release|Any CPU
		{14FEF27F-E634-4C61-B7E0-ACE0C52183FB}.Debug|Any CPU.ActiveCfg = Debug|Any CPU
		{14FEF27F-E634-4C61-B7E0-ACE0C52183FB}.Debug|Any CPU.Build.0 = Debug|Any CPU
		{14FEF27F-E634-4C61-B7E0-ACE0C52183FB}.Release|Any CPU.ActiveCfg = Release|Any CPU
		{14FEF27F-E634-4C61-B7E0-ACE0C52183FB}.Release|Any CPU.Build.0 = Release|Any CPU
		{C94289F1-4982-4C65-BDF6-BCB3613566C7}.Debug|Any CPU.ActiveCfg = Debug|Any CPU
		{C94289F1-4982-4C65-BDF6-BCB3613566C7}.Debug|Any CPU.Build.0 = Debug|Any CPU
		{C94289F1-4982-4C65-BDF6-BCB3613566C7}.Release|Any CPU.ActiveCfg = Release|Any CPU
		{C94289F1-4982-4C65-BDF6-BCB3613566C7}.Release|Any CPU.Build.0 = Release|Any CPU
		{593C9596-5774-42F6-876B-9B6B160D4B86}.Debug|Any CPU.ActiveCfg = Debug|Any CPU
		{593C9596-5774-42F6-876B-9B6B160D4B86}.Debug|Any CPU.Build.0 = Debug|Any CPU
		{593C9596-5774-42F6-876B-9B6B160D4B86}.Release|Any CPU.ActiveCfg = Release|Any CPU
		{593C9596-5774-42F6-876B-9B6B160D4B86}.Release|Any CPU.Build.0 = Release|Any CPU
		{74B7363F-DA7F-4991-B1A3-F9079F235C90}.Debug|Any CPU.ActiveCfg = Debug|Any CPU
		{74B7363F-DA7F-4991-B1A3-F9079F235C90}.Debug|Any CPU.Build.0 = Debug|Any CPU
		{74B7363F-DA7F-4991-B1A3-F9079F235C90}.Release|Any CPU.ActiveCfg = Release|Any CPU
		{74B7363F-DA7F-4991-B1A3-F9079F235C90}.Release|Any CPU.Build.0 = Release|Any CPU
		{80AEB9B5-6C79-41EE-87F8-6FE87FD027E3}.Debug|Any CPU.ActiveCfg = Debug|Any CPU
		{80AEB9B5-6C79-41EE-87F8-6FE87FD027E3}.Debug|Any CPU.Build.0 = Debug|Any CPU
		{80AEB9B5-6C79-41EE-87F8-6FE87FD027E3}.Release|Any CPU.ActiveCfg = Release|Any CPU
		{80AEB9B5-6C79-41EE-87F8-6FE87FD027E3}.Release|Any CPU.Build.0 = Release|Any CPU
		{7C94EAFB-9E88-4709-806A-0D26DD85777A}.Debug|Any CPU.ActiveCfg = Debug|Any CPU
		{7C94EAFB-9E88-4709-806A-0D26DD85777A}.Debug|Any CPU.Build.0 = Debug|Any CPU
		{7C94EAFB-9E88-4709-806A-0D26DD85777A}.Release|Any CPU.ActiveCfg = Release|Any CPU
		{7C94EAFB-9E88-4709-806A-0D26DD85777A}.Release|Any CPU.Build.0 = Release|Any CPU
		{92F5C8CD-452F-4C8E-AD63-5A0D937B7ED3}.Debug|Any CPU.ActiveCfg = Debug|Any CPU
		{92F5C8CD-452F-4C8E-AD63-5A0D937B7ED3}.Debug|Any CPU.Build.0 = Debug|Any CPU
		{92F5C8CD-452F-4C8E-AD63-5A0D937B7ED3}.Release|Any CPU.ActiveCfg = Release|Any CPU
		{92F5C8CD-452F-4C8E-AD63-5A0D937B7ED3}.Release|Any CPU.Build.0 = Release|Any CPU
		{9A0CED8B-3AD2-4429-957F-07FBB4145501}.Debug|Any CPU.ActiveCfg = Debug|Any CPU
		{9A0CED8B-3AD2-4429-957F-07FBB4145501}.Debug|Any CPU.Build.0 = Debug|Any CPU
		{9A0CED8B-3AD2-4429-957F-07FBB4145501}.Release|Any CPU.ActiveCfg = Release|Any CPU
		{9A0CED8B-3AD2-4429-957F-07FBB4145501}.Release|Any CPU.Build.0 = Release|Any CPU
		{4EBEC670-E3C8-4413-9408-B552D3C7F327}.Debug|Any CPU.ActiveCfg = Debug|Any CPU
		{4EBEC670-E3C8-4413-9408-B552D3C7F327}.Debug|Any CPU.Build.0 = Debug|Any CPU
		{4EBEC670-E3C8-4413-9408-B552D3C7F327}.Release|Any CPU.ActiveCfg = Release|Any CPU
		{4EBEC670-E3C8-4413-9408-B552D3C7F327}.Release|Any CPU.Build.0 = Release|Any CPU
		{165DC6D1-44B1-4C21-BB14-9526BDE981BA}.Debug|Any CPU.ActiveCfg = Debug|Any CPU
		{165DC6D1-44B1-4C21-BB14-9526BDE981BA}.Debug|Any CPU.Build.0 = Debug|Any CPU
		{165DC6D1-44B1-4C21-BB14-9526BDE981BA}.Release|Any CPU.ActiveCfg = Release|Any CPU
		{165DC6D1-44B1-4C21-BB14-9526BDE981BA}.Release|Any CPU.Build.0 = Release|Any CPU
		{056283B1-867D-4F98-88E4-3EAF6422A3ED}.Debug|Any CPU.ActiveCfg = Debug|Any CPU
		{056283B1-867D-4F98-88E4-3EAF6422A3ED}.Debug|Any CPU.Build.0 = Debug|Any CPU
		{056283B1-867D-4F98-88E4-3EAF6422A3ED}.Release|Any CPU.ActiveCfg = Release|Any CPU
		{056283B1-867D-4F98-88E4-3EAF6422A3ED}.Release|Any CPU.Build.0 = Release|Any CPU
		{789D83B3-D943-4F22-AC70-53F6B162661C}.Debug|Any CPU.ActiveCfg = Debug|Any CPU
		{789D83B3-D943-4F22-AC70-53F6B162661C}.Debug|Any CPU.Build.0 = Debug|Any CPU
		{789D83B3-D943-4F22-AC70-53F6B162661C}.Release|Any CPU.ActiveCfg = Release|Any CPU
		{789D83B3-D943-4F22-AC70-53F6B162661C}.Release|Any CPU.Build.0 = Release|Any CPU
		{1F428087-977B-4AE5-BF20-64A26C70CAFF}.Debug|Any CPU.ActiveCfg = Debug|Any CPU
		{1F428087-977B-4AE5-BF20-64A26C70CAFF}.Debug|Any CPU.Build.0 = Debug|Any CPU
		{1F428087-977B-4AE5-BF20-64A26C70CAFF}.Release|Any CPU.ActiveCfg = Release|Any CPU
		{1F428087-977B-4AE5-BF20-64A26C70CAFF}.Release|Any CPU.Build.0 = Release|Any CPU
		{41EFEA70-67CC-4C1C-AC10-32347EC08FD3}.Debug|Any CPU.ActiveCfg = Debug|Any CPU
		{41EFEA70-67CC-4C1C-AC10-32347EC08FD3}.Debug|Any CPU.Build.0 = Debug|Any CPU
		{41EFEA70-67CC-4C1C-AC10-32347EC08FD3}.Release|Any CPU.ActiveCfg = Release|Any CPU
		{41EFEA70-67CC-4C1C-AC10-32347EC08FD3}.Release|Any CPU.Build.0 = Release|Any CPU
		{FC7086CE-34DB-4303-8342-971BC97030A8}.Debug|Any CPU.ActiveCfg = Debug|Any CPU
		{FC7086CE-34DB-4303-8342-971BC97030A8}.Debug|Any CPU.Build.0 = Debug|Any CPU
		{FC7086CE-34DB-4303-8342-971BC97030A8}.Release|Any CPU.ActiveCfg = Release|Any CPU
		{FC7086CE-34DB-4303-8342-971BC97030A8}.Release|Any CPU.Build.0 = Release|Any CPU
		{14609CB0-0B41-4A3B-AF37-9E89FBC4D540}.Debug|Any CPU.ActiveCfg = Debug|Any CPU
		{14609CB0-0B41-4A3B-AF37-9E89FBC4D540}.Debug|Any CPU.Build.0 = Debug|Any CPU
		{14609CB0-0B41-4A3B-AF37-9E89FBC4D540}.Release|Any CPU.ActiveCfg = Release|Any CPU
		{14609CB0-0B41-4A3B-AF37-9E89FBC4D540}.Release|Any CPU.Build.0 = Release|Any CPU
	EndGlobalSection
	GlobalSection(SolutionProperties) = preSolution
		HideSolutionNode = FALSE
	EndGlobalSection
	GlobalSection(NestedProjects) = preSolution
		{80AEB9B5-6C79-41EE-87F8-6FE87FD027E3} = {FD2330C3-9BE6-4303-94A1-6FFB9C1CD39A}
		{92F5C8CD-452F-4C8E-AD63-5A0D937B7ED3} = {F6AF1793-61A0-4352-9B07-A483F4747F68}
		{9A0CED8B-3AD2-4429-957F-07FBB4145501} = {F6AF1793-61A0-4352-9B07-A483F4747F68}
		{4EBEC670-E3C8-4413-9408-B552D3C7F327} = {306A6731-086F-4F2B-82CE-B8AA74BCB364}
		{74B7363F-DA7F-4991-B1A3-F9079F235C90} = {306A6731-086F-4F2B-82CE-B8AA74BCB364}
		{509C760E-2A19-4758-9C88-6DBA0632FFDF} = {1F5C4298-2009-44F9-84D3-43152AEC8BF9}
		{593C9596-5774-42F6-876B-9B6B160D4B86} = {1F5C4298-2009-44F9-84D3-43152AEC8BF9}
		{1F5C4298-2009-44F9-84D3-43152AEC8BF9} = {EE0F7352-213E-4863-B85F-7E09404CD1AF}
		{306A6731-086F-4F2B-82CE-B8AA74BCB364} = {EE0F7352-213E-4863-B85F-7E09404CD1AF}
		{165DC6D1-44B1-4C21-BB14-9526BDE981BA} = {306A6731-086F-4F2B-82CE-B8AA74BCB364}
		{056283B1-867D-4F98-88E4-3EAF6422A3ED} = {306A6731-086F-4F2B-82CE-B8AA74BCB364}
		{789D83B3-D943-4F22-AC70-53F6B162661C} = {FD2330C3-9BE6-4303-94A1-6FFB9C1CD39A}
		{1F428087-977B-4AE5-BF20-64A26C70CAFF} = {FD2330C3-9BE6-4303-94A1-6FFB9C1CD39A}
		{41EFEA70-67CC-4C1C-AC10-32347EC08FD3} = {FD2330C3-9BE6-4303-94A1-6FFB9C1CD39A}
		{FC7086CE-34DB-4303-8342-971BC97030A8} = {1F5C4298-2009-44F9-84D3-43152AEC8BF9}
		{14609CB0-0B41-4A3B-AF37-9E89FBC4D540} = {1F5C4298-2009-44F9-84D3-43152AEC8BF9}
		{C94289F1-4982-4C65-BDF6-BCB3613566C7} = {306A6731-086F-4F2B-82CE-B8AA74BCB364}
	EndGlobalSection
EndGlobal
